
Microsoft Visual Studio Solution File, Format Version 12.00
# Visual Studio Version 17
VisualStudioVersion = 17.8.34330.188
MinimumVisualStudioVersion = 10.0.40219.1
Project("{FAE04EC0-301F-11D3-BF4B-00C04F79EFBC}") = "ConAppProperties", "ConAppProperties\ConAppProperties.csproj", "{450F8C0E-1E27-4BAB-B35C-20C328ED2EE4}"
EndProject
Global
	GlobalSection(SolutionConfigurationPlatforms) = preSolution
		Debug|Any CPU = Debug|Any CPU
		Release|Any CPU = Release|Any CPU
	EndGlobalSection
	GlobalSection(ProjectConfigurationPlatforms) = postSolution
		{450F8C0E-1E27-4BAB-B35C-20C328ED2EE4}.Debug|Any CPU.ActiveCfg = Debug|Any CPU
		{450F8C0E-1E27-4BAB-B35C-20C328ED2EE4}.Debug|Any CPU.Build.0 = Debug|Any CPU
		{450F8C0E-1E27-4BAB-B35C-20C328ED2EE4}.Release|Any CPU.ActiveCfg = Release|Any CPU
		{450F8C0E-1E27-4BAB-B35C-20C328ED2EE4}.Release|Any CPU.Build.0 = Release|Any CPU
	EndGlobalSection
	GlobalSection(SolutionProperties) = preSolution
		HideSolutionNode = FALSE
	EndGlobalSection
	GlobalSection(ExtensibilityGlobals) = postSolution
		SolutionGuid = {13E91474-0FA6-4801-B576-87BCB26B957B}
	EndGlobalSection
EndGlobal
