
Microsoft Visual Studio Solution File, Format Version 12.00
# Visual Studio Version 17
VisualStudioVersion = 17.8.34330.188
MinimumVisualStudioVersion = 10.0.40219.1
Project("{FAE04EC0-301F-11D3-BF4B-00C04F79EFBC}") = "ConAppOne", "ConAppOne\ConAppOne.csproj", "{E096A2F2-0ED5-49E8-A1A0-EB629B0C0707}"
EndProject
Global
	GlobalSection(SolutionConfigurationPlatforms) = preSolution
		Debug|Any CPU = Debug|Any CPU
		Release|Any CPU = Release|Any CPU
	EndGlobalSection
	GlobalSection(ProjectConfigurationPlatforms) = postSolution
		{E096A2F2-0ED5-49E8-A1A0-EB629B0C0707}.Debug|Any CPU.ActiveCfg = Debug|Any CPU
		{E096A2F2-0ED5-49E8-A1A0-EB629B0C0707}.Debug|Any CPU.Build.0 = Debug|Any CPU
		{E096A2F2-0ED5-49E8-A1A0-EB629B0C0707}.Release|Any CPU.ActiveCfg = Release|Any CPU
		{E096A2F2-0ED5-49E8-A1A0-EB629B0C0707}.Release|Any CPU.Build.0 = Release|Any CPU
	EndGlobalSection
	GlobalSection(SolutionProperties) = preSolution
		HideSolutionNode = FALSE
	EndGlobalSection
	GlobalSection(ExtensibilityGlobals) = postSolution
		SolutionGuid = {D75C348E-8730-4C03-9692-9A58B8FFD9A8}
	EndGlobalSection
EndGlobal
